
Microsoft Visual Studio Solution File, Format Version 12.00
# Visual Studio Version 16
VisualStudioVersion = 16.0.32510.428
MinimumVisualStudioVersion = 10.0.40219.1
Project("{FAE04EC0-301F-11D3-BF4B-00C04F79EFBC}") = "Permutation", "Permutation\Permutation.csproj", "{C83C34EF-9A5C-44E8-A956-46E06449461C}"
EndProject
Global
	GlobalSection(SolutionConfigurationPlatforms) = preSolution
		Debug|Any CPU = Debug|Any CPU
		Release|Any CPU = Release|Any CPU
	EndGlobalSection
	GlobalSection(ProjectConfigurationPlatforms) = postSolution
		{C83C34EF-9A5C-44E8-A956-46E06449461C}.Debug|Any CPU.ActiveCfg = Debug|Any CPU
		{C83C34EF-9A5C-44E8-A956-46E06449461C}.Debug|Any CPU.Build.0 = Debug|Any CPU
		{C83C34EF-9A5C-44E8-A956-46E06449461C}.Release|Any CPU.ActiveCfg = Release|Any CPU
		{C83C34EF-9A5C-44E8-A956-46E06449461C}.Release|Any CPU.Build.0 = Release|Any CPU
	EndGlobalSection
	GlobalSection(SolutionProperties) = preSolution
		HideSolutionNode = FALSE
	EndGlobalSection
	GlobalSection(ExtensibilityGlobals) = postSolution
		SolutionGuid = {284C2460-37E5-4DB6-96FF-CE90726DE40C}
	EndGlobalSection
EndGlobal
